
Microsoft Visual Studio Solution File, Format Version 12.00
# Visual Studio 15
VisualStudioVersion = 15.0.27130.2024
MinimumVisualStudioVersion = 10.0.40219.1
Project("{FAE04EC0-301F-11D3-BF4B-00C04F79EFBC}") = "map_application.Android", "map_application\map_application.Android\map_application.Android.csproj", "{799436DB-CC0A-4729-A0CF-99EFBACC343C}"
EndProject
Project("{FAE04EC0-301F-11D3-BF4B-00C04F79EFBC}") = "map_application.iOS", "map_application\map_application.iOS\map_application.iOS.csproj", "{B29043CC-26E4-4A79-A6CB-FD789C541040}"
EndProject
Project("{FAE04EC0-301F-11D3-BF4B-00C04F79EFBC}") = "map_application.UWP", "map_application\map_application.UWP\map_application.UWP.csproj", "{12065757-265E-43A1-B478-E4D39B15179A}"
EndProject
Project("{D954291E-2A0B-460D-934E-DC6B0785DB48}") = "map_application", "map_application\map_application\map_application.shproj", "{48110A40-1E3A-4C6F-85CB-45A2D244E9F8}"
EndProject
Global
	GlobalSection(SharedMSBuildProjectFiles) = preSolution
		map_application\map_application\map_application.projitems*{12065757-265e-43a1-b478-e4d39b15179a}*SharedItemsImports = 4
		map_application\map_application\map_application.projitems*{48110a40-1e3a-4c6f-85cb-45a2d244e9f8}*SharedItemsImports = 13
		map_application\map_application\map_application.projitems*{799436db-cc0a-4729-a0cf-99efbacc343c}*SharedItemsImports = 4
		map_application\map_application\map_application.projitems*{b29043cc-26e4-4a79-a6cb-fd789c541040}*SharedItemsImports = 4
	EndGlobalSection
	GlobalSection(SolutionConfigurationPlatforms) = preSolution
		Ad-Hoc|Any CPU = Ad-Hoc|Any CPU
		Ad-Hoc|ARM = Ad-Hoc|ARM
		Ad-Hoc|iPhone = Ad-Hoc|iPhone
		Ad-Hoc|iPhoneSimulator = Ad-Hoc|iPhoneSimulator
		Ad-Hoc|x64 = Ad-Hoc|x64
		Ad-Hoc|x86 = Ad-Hoc|x86
		AppStore|Any CPU = AppStore|Any CPU
		AppStore|ARM = AppStore|ARM
		AppStore|iPhone = AppStore|iPhone
		AppStore|iPhoneSimulator = AppStore|iPhoneSimulator
		AppStore|x64 = AppStore|x64
		AppStore|x86 = AppStore|x86
		Debug|Any CPU = Debug|Any CPU
		Debug|ARM = Debug|ARM
		Debug|iPhone = Debug|iPhone
		Debug|iPhoneSimulator = Debug|iPhoneSimulator
		Debug|x64 = Debug|x64
		Debug|x86 = Debug|x86
		Release|Any CPU = Release|Any CPU
		Release|ARM = Release|ARM
		Release|iPhone = Release|iPhone
		Release|iPhoneSimulator = Release|iPhoneSimulator
		Release|x64 = Release|x64
		Release|x86 = Release|x86
	EndGlobalSection
	GlobalSection(ProjectConfigurationPlatforms) = postSolution
		{799436DB-CC0A-4729-A0CF-99EFBACC343C}.Ad-Hoc|Any CPU.ActiveCfg = Release|Any CPU
		{799436DB-CC0A-4729-A0CF-99EFBACC343C}.Ad-Hoc|Any CPU.Build.0 = Release|Any CPU
		{799436DB-CC0A-4729-A0CF-99EFBACC343C}.Ad-Hoc|Any CPU.Deploy.0 = Release|Any CPU
		{799436DB-CC0A-4729-A0CF-99EFBACC343C}.Ad-Hoc|ARM.ActiveCfg = Release|Any CPU
		{799436DB-CC0A-4729-A0CF-99EFBACC343C}.Ad-Hoc|ARM.Build.0 = Release|Any CPU
		{799436DB-CC0A-4729-A0CF-99EFBACC343C}.Ad-Hoc|ARM.Deploy.0 = Release|Any CPU
		{799436DB-CC0A-4729-A0CF-99EFBACC343C}.Ad-Hoc|iPhone.ActiveCfg = Release|Any CPU
		{799436DB-CC0A-4729-A0CF-99EFBACC343C}.Ad-Hoc|iPhone.Build.0 = Release|Any CPU
		{799436DB-CC0A-4729-A0CF-99EFBACC343C}.Ad-Hoc|iPhone.Deploy.0 = Release|Any CPU
		{799436DB-CC0A-4729-A0CF-99EFBACC343C}.Ad-Hoc|iPhoneSimulator.ActiveCfg = Release|Any CPU
		{799436DB-CC0A-4729-A0CF-99EFBACC343C}.Ad-Hoc|iPhoneSimulator.Build.0 = Release|Any CPU
		{799436DB-CC0A-4729-A0CF-99EFBACC343C}.Ad-Hoc|iPhoneSimulator.Deploy.0 = Release|Any CPU
		{799436DB-CC0A-4729-A0CF-99EFBACC343C}.Ad-Hoc|x64.ActiveCfg = Release|Any CPU
		{799436DB-CC0A-4729-A0CF-99EFBACC343C}.Ad-Hoc|x64.Build.0 = Release|Any CPU
		{799436DB-CC0A-4729-A0CF-99EFBACC343C}.Ad-Hoc|x64.Deploy.0 = Release|Any CPU
		{799436DB-CC0A-4729-A0CF-99EFBACC343C}.Ad-Hoc|x86.ActiveCfg = Release|Any CPU
		{799436DB-CC0A-4729-A0CF-99EFBACC343C}.Ad-Hoc|x86.Build.0 = Release|Any CPU
		{799436DB-CC0A-4729-A0CF-99EFBACC343C}.Ad-Hoc|x86.Deploy.0 = Release|Any CPU
		{799436DB-CC0A-4729-A0CF-99EFBACC343C}.AppStore|Any CPU.ActiveCfg = Release|Any CPU
		{799436DB-CC0A-4729-A0CF-99EFBACC343C}.AppStore|Any CPU.Build.0 = Release|Any CPU
		{799436DB-CC0A-4729-A0CF-99EFBACC343C}.AppStore|Any CPU.Deploy.0 = Release|Any CPU
		{799436DB-CC0A-4729-A0CF-99EFBACC343C}.AppStore|ARM.ActiveCfg = Release|Any CPU
		{799436DB-CC0A-4729-A0CF-99EFBACC343C}.AppStore|ARM.Build.0 = Release|Any CPU
		{799436DB-CC0A-4729-A0CF-99EFBACC343C}.AppStore|ARM.Deploy.0 = Release|Any CPU
		{799436DB-CC0A-4729-A0CF-99EFBACC343C}.AppStore|iPhone.ActiveCfg = Release|Any CPU
		{799436DB-CC0A-4729-A0CF-99EFBACC343C}.AppStore|iPhone.Build.0 = Release|Any CPU
		{799436DB-CC0A-4729-A0CF-99EFBACC343C}.AppStore|iPhone.Deploy.0 = Release|Any CPU
		{799436DB-CC0A-4729-A0CF-99EFBACC343C}.AppStore|iPhoneSimulator.ActiveCfg = Release|Any CPU
		{799436DB-CC0A-4729-A0CF-99EFBACC343C}.AppStore|iPhoneSimulator.Build.0 = Release|Any CPU
		{799436DB-CC0A-4729-A0CF-99EFBACC343C}.AppStore|iPhoneSimulator.Deploy.0 = Release|Any CPU
		{799436DB-CC0A-4729-A0CF-99EFBACC343C}.AppStore|x64.ActiveCfg = Release|Any CPU
		{799436DB-CC0A-4729-A0CF-99EFBACC343C}.AppStore|x64.Build.0 = Release|Any CPU
		{799436DB-CC0A-4729-A0CF-99EFBACC343C}.AppStore|x64.Deploy.0 = Release|Any CPU
		{799436DB-CC0A-4729-A0CF-99EFBACC343C}.AppStore|x86.ActiveCfg = Release|Any CPU
		{799436DB-CC0A-4729-A0CF-99EFBACC343C}.AppStore|x86.Build.0 = Release|Any CPU
		{799436DB-CC0A-4729-A0CF-99EFBACC343C}.AppStore|x86.Deploy.0 = Release|Any CPU
		{799436DB-CC0A-4729-A0CF-99EFBACC343C}.Debug|Any CPU.ActiveCfg = Debug|Any CPU
		{799436DB-CC0A-4729-A0CF-99EFBACC343C}.Debug|Any CPU.Build.0 = Debug|Any CPU
		{799436DB-CC0A-4729-A0CF-99EFBACC343C}.Debug|Any CPU.Deploy.0 = Debug|Any CPU
		{799436DB-CC0A-4729-A0CF-99EFBACC343C}.Debug|ARM.ActiveCfg = Debug|Any CPU
		{799436DB-CC0A-4729-A0CF-99EFBACC343C}.Debug|ARM.Build.0 = Debug|Any CPU
		{799436DB-CC0A-4729-A0CF-99EFBACC343C}.Debug|ARM.Deploy.0 = Debug|Any CPU
		{799436DB-CC0A-4729-A0CF-99EFBACC343C}.Debug|iPhone.ActiveCfg = Debug|Any CPU
		{799436DB-CC0A-4729-A0CF-99EFBACC343C}.Debug|iPhone.Build.0 = Debug|Any CPU
		{799436DB-CC0A-4729-A0CF-99EFBACC343C}.Debug|iPhone.Deploy.0 = Debug|Any CPU
		{799436DB-CC0A-4729-A0CF-99EFBACC343C}.Debug|iPhoneSimulator.ActiveCfg = Debug|Any CPU
		{799436DB-CC0A-4729-A0CF-99EFBACC343C}.Debug|iPhoneSimulator.Build.0 = Debug|Any CPU
		{799436DB-CC0A-4729-A0CF-99EFBACC343C}.Debug|iPhoneSimulator.Deploy.0 = Debug|Any CPU
		{799436DB-CC0A-4729-A0CF-99EFBACC343C}.Debug|x64.ActiveCfg = Debug|Any CPU
		{799436DB-CC0A-4729-A0CF-99EFBACC343C}.Debug|x64.Build.0 = Debug|Any CPU
		{799436DB-CC0A-4729-A0CF-99EFBACC343C}.Debug|x64.Deploy.0 = Debug|Any CPU
		{799436DB-CC0A-4729-A0CF-99EFBACC343C}.Debug|x86.ActiveCfg = Debug|Any CPU
		{799436DB-CC0A-4729-A0CF-99EFBACC343C}.Debug|x86.Build.0 = Debug|Any CPU
		{799436DB-CC0A-4729-A0CF-99EFBACC343C}.Debug|x86.Deploy.0 = Debug|Any CPU
		{799436DB-CC0A-4729-A0CF-99EFBACC343C}.Release|Any CPU.ActiveCfg = Release|Any CPU
		{799436DB-CC0A-4729-A0CF-99EFBACC343C}.Release|Any CPU.Build.0 = Release|Any CPU
		{799436DB-CC0A-4729-A0CF-99EFBACC343C}.Release|Any CPU.Deploy.0 = Release|Any CPU
		{799436DB-CC0A-4729-A0CF-99EFBACC343C}.Release|ARM.ActiveCfg = Release|Any CPU
		{799436DB-CC0A-4729-A0CF-99EFBACC343C}.Release|ARM.Build.0 = Release|Any CPU
		{799436DB-CC0A-4729-A0CF-99EFBACC343C}.Release|ARM.Deploy.0 = Release|Any CPU
		{799436DB-CC0A-4729-A0CF-99EFBACC343C}.Release|iPhone.ActiveCfg = Release|Any CPU
		{799436DB-CC0A-4729-A0CF-99EFBACC343C}.Release|iPhone.Build.0 = Release|Any CPU
		{799436DB-CC0A-4729-A0CF-99EFBACC343C}.Release|iPhone.Deploy.0 = Release|Any CPU
		{799436DB-CC0A-4729-A0CF-99EFBACC343C}.Release|iPhoneSimulator.ActiveCfg = Release|Any CPU
		{799436DB-CC0A-4729-A0CF-99EFBACC343C}.Release|iPhoneSimulator.Build.0 = Release|Any CPU
		{799436DB-CC0A-4729-A0CF-99EFBACC343C}.Release|iPhoneSimulator.Deploy.0 = Release|Any CPU
		{799436DB-CC0A-4729-A0CF-99EFBACC343C}.Release|x64.ActiveCfg = Release|Any CPU
		{799436DB-CC0A-4729-A0CF-99EFBACC343C}.Release|x64.Build.0 = Release|Any CPU
		{799436DB-CC0A-4729-A0CF-99EFBACC343C}.Release|x64.Deploy.0 = Release|Any CPU
		{799436DB-CC0A-4729-A0CF-99EFBACC343C}.Release|x86.ActiveCfg = Release|Any CPU
		{799436DB-CC0A-4729-A0CF-99EFBACC343C}.Release|x86.Build.0 = Release|Any CPU
		{799436DB-CC0A-4729-A0CF-99EFBACC343C}.Release|x86.Deploy.0 = Release|Any CPU
		{B29043CC-26E4-4A79-A6CB-FD789C541040}.Ad-Hoc|Any CPU.ActiveCfg = Ad-Hoc|iPhone
		{B29043CC-26E4-4A79-A6CB-FD789C541040}.Ad-Hoc|ARM.ActiveCfg = Ad-Hoc|iPhone
		{B29043CC-26E4-4A79-A6CB-FD789C541040}.Ad-Hoc|iPhone.ActiveCfg = Ad-Hoc|iPhone
		{B29043CC-26E4-4A79-A6CB-FD789C541040}.Ad-Hoc|iPhone.Build.0 = Ad-Hoc|iPhone
		{B29043CC-26E4-4A79-A6CB-FD789C541040}.Ad-Hoc|iPhoneSimulator.ActiveCfg = Ad-Hoc|iPhoneSimulator
		{B29043CC-26E4-4A79-A6CB-FD789C541040}.Ad-Hoc|iPhoneSimulator.Build.0 = Ad-Hoc|iPhoneSimulator
		{B29043CC-26E4-4A79-A6CB-FD789C541040}.Ad-Hoc|x64.ActiveCfg = Ad-Hoc|iPhone
		{B29043CC-26E4-4A79-A6CB-FD789C541040}.Ad-Hoc|x86.ActiveCfg = Ad-Hoc|iPhone
		{B29043CC-26E4-4A79-A6CB-FD789C541040}.AppStore|Any CPU.ActiveCfg = AppStore|iPhone
		{B29043CC-26E4-4A79-A6CB-FD789C541040}.AppStore|ARM.ActiveCfg = AppStore|iPhone
		{B29043CC-26E4-4A79-A6CB-FD789C541040}.AppStore|iPhone.ActiveCfg = AppStore|iPhone
		{B29043CC-26E4-4A79-A6CB-FD789C541040}.AppStore|iPhone.Build.0 = AppStore|iPhone
		{B29043CC-26E4-4A79-A6CB-FD789C541040}.AppStore|iPhoneSimulator.ActiveCfg = AppStore|iPhoneSimulator
		{B29043CC-26E4-4A79-A6CB-FD789C541040}.AppStore|iPhoneSimulator.Build.0 = AppStore|iPhoneSimulator
		{B29043CC-26E4-4A79-A6CB-FD789C541040}.AppStore|x64.ActiveCfg = AppStore|iPhone
		{B29043CC-26E4-4A79-A6CB-FD789C541040}.AppStore|x86.ActiveCfg = AppStore|iPhone
		{B29043CC-26E4-4A79-A6CB-FD789C541040}.Debug|Any CPU.ActiveCfg = Debug|iPhone
		{B29043CC-26E4-4A79-A6CB-FD789C541040}.Debug|ARM.ActiveCfg = Debug|iPhone
		{B29043CC-26E4-4A79-A6CB-FD789C541040}.Debug|iPhone.ActiveCfg = Debug|iPhone
		{B29043CC-26E4-4A79-A6CB-FD789C541040}.Debug|iPhone.Build.0 = Debug|iPhone
		{B29043CC-26E4-4A79-A6CB-FD789C541040}.Debug|iPhoneSimulator.ActiveCfg = Debug|iPhoneSimulator
		{B29043CC-26E4-4A79-A6CB-FD789C541040}.Debug|iPhoneSimulator.Build.0 = Debug|iPhoneSimulator
		{B29043CC-26E4-4A79-A6CB-FD789C541040}.Debug|x64.ActiveCfg = Debug|iPhone
		{B29043CC-26E4-4A79-A6CB-FD789C541040}.Debug|x86.ActiveCfg = Debug|iPhone
		{B29043CC-26E4-4A79-A6CB-FD789C541040}.Release|Any CPU.ActiveCfg = Release|iPhone
		{B29043CC-26E4-4A79-A6CB-FD789C541040}.Release|ARM.ActiveCfg = Release|iPhone
		{B29043CC-26E4-4A79-A6CB-FD789C541040}.Release|iPhone.ActiveCfg = Release|iPhone
		{B29043CC-26E4-4A79-A6CB-FD789C541040}.Release|iPhone.Build.0 = Release|iPhone
		{B29043CC-26E4-4A79-A6CB-FD789C541040}.Release|iPhoneSimulator.ActiveCfg = Release|iPhoneSimulator
		{B29043CC-26E4-4A79-A6CB-FD789C541040}.Release|iPhoneSimulator.Build.0 = Release|iPhoneSimulator
		{B29043CC-26E4-4A79-A6CB-FD789C541040}.Release|x64.ActiveCfg = Release|iPhone
		{B29043CC-26E4-4A79-A6CB-FD789C541040}.Release|x86.ActiveCfg = Release|iPhone
		{12065757-265E-43A1-B478-E4D39B15179A}.Ad-Hoc|Any CPU.ActiveCfg = Release|x86
		{12065757-265E-43A1-B478-E4D39B15179A}.Ad-Hoc|Any CPU.Build.0 = Release|x86
		{12065757-265E-43A1-B478-E4D39B15179A}.Ad-Hoc|Any CPU.Deploy.0 = Release|x86
		{12065757-265E-43A1-B478-E4D39B15179A}.Ad-Hoc|ARM.ActiveCfg = Release|ARM
		{12065757-265E-43A1-B478-E4D39B15179A}.Ad-Hoc|ARM.Build.0 = Release|ARM
		{12065757-265E-43A1-B478-E4D39B15179A}.Ad-Hoc|ARM.Deploy.0 = Release|ARM
		{12065757-265E-43A1-B478-E4D39B15179A}.Ad-Hoc|iPhone.ActiveCfg = Release|x86
		{12065757-265E-43A1-B478-E4D39B15179A}.Ad-Hoc|iPhone.Build.0 = Release|x86
		{12065757-265E-43A1-B478-E4D39B15179A}.Ad-Hoc|iPhone.Deploy.0 = Release|x86
		{12065757-265E-43A1-B478-E4D39B15179A}.Ad-Hoc|iPhoneSimulator.ActiveCfg = Release|x86
		{12065757-265E-43A1-B478-E4D39B15179A}.Ad-Hoc|iPhoneSimulator.Build.0 = Release|x86
		{12065757-265E-43A1-B478-E4D39B15179A}.Ad-Hoc|iPhoneSimulator.Deploy.0 = Release|x86
		{12065757-265E-43A1-B478-E4D39B15179A}.Ad-Hoc|x64.ActiveCfg = Release|x64
		{12065757-265E-43A1-B478-E4D39B15179A}.Ad-Hoc|x64.Build.0 = Release|x64
		{12065757-265E-43A1-B478-E4D39B15179A}.Ad-Hoc|x64.Deploy.0 = Release|x64
		{12065757-265E-43A1-B478-E4D39B15179A}.Ad-Hoc|x86.ActiveCfg = Release|x86
		{12065757-265E-43A1-B478-E4D39B15179A}.Ad-Hoc|x86.Build.0 = Release|x86
		{12065757-265E-43A1-B478-E4D39B15179A}.Ad-Hoc|x86.Deploy.0 = Release|x86
		{12065757-265E-43A1-B478-E4D39B15179A}.AppStore|Any CPU.ActiveCfg = Release|x86
		{12065757-265E-43A1-B478-E4D39B15179A}.AppStore|Any CPU.Build.0 = Release|x86
		{12065757-265E-43A1-B478-E4D39B15179A}.AppStore|Any CPU.Deploy.0 = Release|x86
		{12065757-265E-43A1-B478-E4D39B15179A}.AppStore|ARM.ActiveCfg = Release|ARM
		{12065757-265E-43A1-B478-E4D39B15179A}.AppStore|ARM.Build.0 = Release|ARM
		{12065757-265E-43A1-B478-E4D39B15179A}.AppStore|ARM.Deploy.0 = Release|ARM
		{12065757-265E-43A1-B478-E4D39B15179A}.AppStore|iPhone.ActiveCfg = Release|x86
		{12065757-265E-43A1-B478-E4D39B15179A}.AppStore|iPhone.Build.0 = Release|x86
		{12065757-265E-43A1-B478-E4D39B15179A}.AppStore|iPhone.Deploy.0 = Release|x86
		{12065757-265E-43A1-B478-E4D39B15179A}.AppStore|iPhoneSimulator.ActiveCfg = Release|x86
		{12065757-265E-43A1-B478-E4D39B15179A}.AppStore|iPhoneSimulator.Build.0 = Release|x86
		{12065757-265E-43A1-B478-E4D39B15179A}.AppStore|iPhoneSimulator.Deploy.0 = Release|x86
		{12065757-265E-43A1-B478-E4D39B15179A}.AppStore|x64.ActiveCfg = Release|x64
		{12065757-265E-43A1-B478-E4D39B15179A}.AppStore|x64.Build.0 = Release|x64
		{12065757-265E-43A1-B478-E4D39B15179A}.AppStore|x64.Deploy.0 = Release|x64
		{12065757-265E-43A1-B478-E4D39B15179A}.AppStore|x86.ActiveCfg = Release|x86
		{12065757-265E-43A1-B478-E4D39B15179A}.AppStore|x86.Build.0 = Release|x86
		{12065757-265E-43A1-B478-E4D39B15179A}.AppStore|x86.Deploy.0 = Release|x86
		{12065757-265E-43A1-B478-E4D39B15179A}.Debug|Any CPU.ActiveCfg = Debug|x86
		{12065757-265E-43A1-B478-E4D39B15179A}.Debug|ARM.ActiveCfg = Debug|ARM
		{12065757-265E-43A1-B478-E4D39B15179A}.Debug|ARM.Build.0 = Debug|ARM
		{12065757-265E-43A1-B478-E4D39B15179A}.Debug|ARM.Deploy.0 = Debug|ARM
		{12065757-265E-43A1-B478-E4D39B15179A}.Debug|iPhone.ActiveCfg = Debug|x86
		{12065757-265E-43A1-B478-E4D39B15179A}.Debug|iPhoneSimulator.ActiveCfg = Debug|x86
		{12065757-265E-43A1-B478-E4D39B15179A}.Debug|x64.ActiveCfg = Debug|x64
		{12065757-265E-43A1-B478-E4D39B15179A}.Debug|x64.Build.0 = Debug|x64
		{12065757-265E-43A1-B478-E4D39B15179A}.Debug|x64.Deploy.0 = Debug|x64
		{12065757-265E-43A1-B478-E4D39B15179A}.Debug|x86.ActiveCfg = Debug|x86
		{12065757-265E-43A1-B478-E4D39B15179A}.Debug|x86.Build.0 = Debug|x86
		{12065757-265E-43A1-B478-E4D39B15179A}.Debug|x86.Deploy.0 = Debug|x86
		{12065757-265E-43A1-B478-E4D39B15179A}.Release|Any CPU.ActiveCfg = Release|x86
		{12065757-265E-43A1-B478-E4D39B15179A}.Release|ARM.ActiveCfg = Release|ARM
		{12065757-265E-43A1-B478-E4D39B15179A}.Release|ARM.Build.0 = Release|ARM
		{12065757-265E-43A1-B478-E4D39B15179A}.Release|ARM.Deploy.0 = Release|ARM
		{12065757-265E-43A1-B478-E4D39B15179A}.Release|iPhone.ActiveCfg = Release|x86
		{12065757-265E-43A1-B478-E4D39B15179A}.Release|iPhoneSimulator.ActiveCfg = Release|x86
		{12065757-265E-43A1-B478-E4D39B15179A}.Release|x64.ActiveCfg = Release|x64
		{12065757-265E-43A1-B478-E4D39B15179A}.Release|x64.Build.0 = Release|x64
		{12065757-265E-43A1-B478-E4D39B15179A}.Release|x64.Deploy.0 = Release|x64
		{12065757-265E-43A1-B478-E4D39B15179A}.Release|x86.ActiveCfg = Release|x86
		{12065757-265E-43A1-B478-E4D39B15179A}.Release|x86.Build.0 = Release|x86
		{12065757-265E-43A1-B478-E4D39B15179A}.Release|x86.Deploy.0 = Release|x86
	EndGlobalSection
	GlobalSection(SolutionProperties) = preSolution
		HideSolutionNode = FALSE
	EndGlobalSection
	GlobalSection(ExtensibilityGlobals) = postSolution
		SolutionGuid = {8126883C-647E-4B5E-8859-D892D430E6FF}
	EndGlobalSection
EndGlobal
